// !$*UTF8*$!
{
	archiveVersion = 1;
	classes = {
	};
	objectVersion = 46;
	objects = {

/* Begin PBXBuildFile section */
		4D1F52A3168B4DBF00EB0BCB /* main.cpp in Sources */ = {isa = PBXBuildFile; fileRef = 4D1F52A2168B4DBF00EB0BCB /* main.cpp */; };
		4D1F52A5168B4DBF00EB0BCB /* ParticleSystem.1 in CopyFiles */ = {isa = PBXBuildFile; fileRef = 4D1F52A4168B4DBF00EB0BCB /* ParticleSystem.1 */; };
		4D1F52B1168B4EA500EB0BCB /* OpenGL.framework in Frameworks */ = {isa = PBXBuildFile; fileRef = 4D1F52B0168B4EA500EB0BCB /* OpenGL.framework */; settings = {ATTRIBUTES = (Required, ); }; };
		4D1F52B5168B4FDF00EB0BCB /* LUtil.cpp in Sources */ = {isa = PBXBuildFile; fileRef = 4D1F52B3168B4FDF00EB0BCB /* LUtil.cpp */; };
		4D1F52BC168B65BC00EB0BCB /* fontain.cpp in Sources */ = {isa = PBXBuildFile; fileRef = 4D1F52BA168B65BC00EB0BCB /* fontain.cpp */; };
		4D1F52C7168B6B7800EB0BCB /* particle_mask.raw in CopyFiles */ = {isa = PBXBuildFile; fileRef = 4D1F52C2168B6AAF00EB0BCB /* particle_mask.raw */; };
		4D1F52C8168B6B7800EB0BCB /* particle.raw in CopyFiles */ = {isa = PBXBuildFile; fileRef = 4D1F52C3168B6AAF00EB0BCB /* particle.raw */; };
/* End PBXBuildFile section */

/* Begin PBXCopyFilesBuildPhase section */
		4D1F529C168B4DBF00EB0BCB /* CopyFiles */ = {
			isa = PBXCopyFilesBuildPhase;
			buildActionMask = 2147483647;
			dstPath = usr/share/man/man1;
			dstSubfolderSpec = 0;
			files = (
				4D1F52A5168B4DBF00EB0BCB /* ParticleSystem.1 in CopyFiles */,
			);
			runOnlyForDeploymentPostprocessing = 1;
		};
		4D1F52C6168B6B0600EB0BCB /* CopyFiles */ = {
			isa = PBXCopyFilesBuildPhase;
			buildActionMask = 2147483647;
			dstPath = "";
			dstSubfolderSpec = 7;
			files = (
				4D1F52C7168B6B7800EB0BCB /* particle_mask.raw in CopyFiles */,
				4D1F52C8168B6B7800EB0BCB /* particle.raw in CopyFiles */,
			);
			runOnlyForDeploymentPostprocessing = 0;
		};
/* End PBXCopyFilesBuildPhase section */

/* Begin PBXFileReference section */
		4D1F529E168B4DBF00EB0BCB /* ParticleSystem */ = {isa = PBXFileReference; explicitFileType = "compiled.mach-o.executable"; includeInIndex = 0; path = ParticleSystem; sourceTree = BUILT_PRODUCTS_DIR; };
		4D1F52A2168B4DBF00EB0BCB /* main.cpp */ = {isa = PBXFileReference; lastKnownFileType = sourcecode.cpp.cpp; path = main.cpp; sourceTree = "<group>"; };
		4D1F52A4168B4DBF00EB0BCB /* ParticleSystem.1 */ = {isa = PBXFileReference; lastKnownFileType = text.man; path = ParticleSystem.1; sourceTree = "<group>"; };
		4D1F52B0168B4EA500EB0BCB /* OpenGL.framework */ = {isa = PBXFileReference; lastKnownFileType = wrapper.framework; name = OpenGL.framework; path = System/Library/Frameworks/OpenGL.framework; sourceTree = SDKROOT; };
		4D1F52B2168B4F6F00EB0BCB /* LOpenGL.h */ = {isa = PBXFileReference; lastKnownFileType = sourcecode.c.h; path = LOpenGL.h; sourceTree = "<group>"; };
		4D1F52B3168B4FDF00EB0BCB /* LUtil.cpp */ = {isa = PBXFileReference; fileEncoding = 4; lastKnownFileType = sourcecode.cpp.cpp; path = LUtil.cpp; sourceTree = "<group>"; };
		4D1F52B4168B4FDF00EB0BCB /* LUtil.h */ = {isa = PBXFileReference; fileEncoding = 4; lastKnownFileType = sourcecode.c.h; path = LUtil.h; sourceTree = "<group>"; };
		4D1F52BA168B65BC00EB0BCB /* fontain.cpp */ = {isa = PBXFileReference; fileEncoding = 4; lastKnownFileType = sourcecode.cpp.cpp; path = fontain.cpp; sourceTree = "<group>"; };
		4D1F52BB168B65BC00EB0BCB /* fontain.h */ = {isa = PBXFileReference; fileEncoding = 4; lastKnownFileType = sourcecode.c.h; path = fontain.h; sourceTree = "<group>"; };
		4D1F52C2168B6AAF00EB0BCB /* particle_mask.raw */ = {isa = PBXFileReference; fileEncoding = 4; lastKnownFileType = text; name = particle_mask.raw; path = images/particle_mask.raw; sourceTree = "<group>"; };
		4D1F52C3168B6AAF00EB0BCB /* particle.raw */ = {isa = PBXFileReference; lastKnownFileType = file; name = particle.raw; path = images/particle.raw; sourceTree = "<group>"; };
/* End PBXFileReference section */

/* Begin PBXFrameworksBuildPhase section */
		4D1F529B168B4DBF00EB0BCB /* Frameworks */ = {
			isa = PBXFrameworksBuildPhase;
			buildActionMask = 2147483647;
			files = (
				4D1F52B1168B4EA500EB0BCB /* OpenGL.framework in Frameworks */,
			);
			runOnlyForDeploymentPostprocessing = 0;
		};
/* End PBXFrameworksBuildPhase section */

/* Begin PBXGroup section */
		4D1F5293168B4DBF00EB0BCB = {
			isa = PBXGroup;
			children = (
				4D1F52B0168B4EA500EB0BCB /* OpenGL.framework */,
				4D1F52A1168B4DBF00EB0BCB /* ParticleSystem */,
				4D1F529F168B4DBF00EB0BCB /* Products */,
			);
			sourceTree = "<group>";
		};
		4D1F529F168B4DBF00EB0BCB /* Products */ = {
			isa = PBXGroup;
			children = (
				4D1F529E168B4DBF00EB0BCB /* ParticleSystem */,
			);
			name = Products;
			sourceTree = "<group>";
		};
		4D1F52A1168B4DBF00EB0BCB /* ParticleSystem */ = {
			isa = PBXGroup;
			children = (
				4D1F52B9168B658600EB0BCB /* psystems */,
				4D1F52B8168B657300EB0BCB /* images */,
				4D1F52A2168B4DBF00EB0BCB /* main.cpp */,
				4D1F52A4168B4DBF00EB0BCB /* ParticleSystem.1 */,
				4D1F52B2168B4F6F00EB0BCB /* LOpenGL.h */,
				4D1F52B3168B4FDF00EB0BCB /* LUtil.cpp */,
				4D1F52B4168B4FDF00EB0BCB /* LUtil.h */,
			);
			path = ParticleSystem;
			sourceTree = "<group>";
		};
		4D1F52B8168B657300EB0BCB /* images */ = {
			isa = PBXGroup;
			children = (
				4D1F52C2168B6AAF00EB0BCB /* particle_mask.raw */,
				4D1F52C3168B6AAF00EB0BCB /* particle.raw */,
			);
			name = images;
			sourceTree = "<group>";
		};
		4D1F52B9168B658600EB0BCB /* psystems */ = {
			isa = PBXGroup;
			children = (
				4D1F52BA168B65BC00EB0BCB /* fontain.cpp */,
				4D1F52BB168B65BC00EB0BCB /* fontain.h */,
			);
			name = psystems;
			sourceTree = "<group>";
		};
/* End PBXGroup section */

/* Begin PBXNativeTarget section */
		4D1F529D168B4DBF00EB0BCB /* ParticleSystem */ = {
			isa = PBXNativeTarget;
			buildConfigurationList = 4D1F52A8168B4DBF00EB0BCB /* Build configuration list for PBXNativeTarget "ParticleSystem" */;
			buildPhases = (
				4D1F529A168B4DBF00EB0BCB /* Sources */,
				4D1F529B168B4DBF00EB0BCB /* Frameworks */,
				4D1F529C168B4DBF00EB0BCB /* CopyFiles */,
				4D1F52C6168B6B0600EB0BCB /* CopyFiles */,
			);
			buildRules = (
			);
			dependencies = (
			);
			name = ParticleSystem;
			productName = ParticleSystem;
			productReference = 4D1F529E168B4DBF00EB0BCB /* ParticleSystem */;
			productType = "com.apple.product-type.tool";
		};
/* End PBXNativeTarget section */

/* Begin PBXProject section */
		4D1F5295168B4DBF00EB0BCB /* Project object */ = {
			isa = PBXProject;
			attributes = {
				LastUpgradeCheck = 0450;
				ORGANIZATIONNAME = "Patrick Stapfer";
			};
			buildConfigurationList = 4D1F5298168B4DBF00EB0BCB /* Build configuration list for PBXProject "ParticleSystem" */;
			compatibilityVersion = "Xcode 3.2";
			developmentRegion = English;
			hasScannedForEncodings = 0;
			knownRegions = (
				en,
			);
			mainGroup = 4D1F5293168B4DBF00EB0BCB;
			productRefGroup = 4D1F529F168B4DBF00EB0BCB /* Products */;
			projectDirPath = "";
			projectRoot = "";
			targets = (
				4D1F529D168B4DBF00EB0BCB /* ParticleSystem */,
			);
		};
/* End PBXProject section */

/* Begin PBXSourcesBuildPhase section */
		4D1F529A168B4DBF00EB0BCB /* Sources */ = {
			isa = PBXSourcesBuildPhase;
			buildActionMask = 2147483647;
			files = (
				4D1F52A3168B4DBF00EB0BCB /* main.cpp in Sources */,
				4D1F52B5168B4FDF00EB0BCB /* LUtil.cpp in Sources */,
				4D1F52BC168B65BC00EB0BCB /* fontain.cpp in Sources */,
			);
			runOnlyForDeploymentPostprocessing = 0;
		};
/* End PBXSourcesBuildPhase section */

/* Begin XCBuildConfiguration section */
		4D1F52A6168B4DBF00EB0BCB /* Debug */ = {
			isa = XCBuildConfiguration;
			buildSettings = {
				ALWAYS_SEARCH_USER_PATHS = NO;
				ARCHS = "$(ARCHS_STANDARD_64_BIT)";
				CLANG_CXX_LANGUAGE_STANDARD = "gnu++0x";
				CLANG_CXX_LIBRARY = "libc++";
				CLANG_ENABLE_OBJC_ARC = YES;
				CLANG_WARN_EMPTY_BODY = YES;
				CLANG_WARN__DUPLICATE_METHOD_MATCH = YES;
				COPY_PHASE_STRIP = NO;
				GCC_C_LANGUAGE_STANDARD = gnu99;
				GCC_DYNAMIC_NO_PIC = NO;
				GCC_ENABLE_OBJC_EXCEPTIONS = YES;
				GCC_OPTIMIZATION_LEVEL = 0;
				GCC_PREPROCESSOR_DEFINITIONS = (
					"DEBUG=1",
					"$(inherited)",
				);
				GCC_SYMBOLS_PRIVATE_EXTERN = NO;
				GCC_WARN_64_TO_32_BIT_CONVERSION = YES;
				GCC_WARN_ABOUT_RETURN_TYPE = YES;
				GCC_WARN_UNINITIALIZED_AUTOS = YES;
				GCC_WARN_UNUSED_VARIABLE = YES;
				HEADER_SEARCH_PATHS = (
					"\"/opt/X11/include\"",
					"\"/usr/local/include\"",
				);
				LIBRARY_SEARCH_PATHS = (
					"\"/opt/X11/lib\"",
					"\"/usr/local/lib\"",
				);
				MACOSX_DEPLOYMENT_TARGET = 10.8;
				ONLY_ACTIVE_ARCH = YES;
				OTHER_LDFLAGS = (
					"-IGLUT",
					"-framework",
					OpenGL,
					"-framework",
					GLUT,
				);
				SDKROOT = macosx;
				VALID_ARCHS = "i386 x86_64";
			};
			name = Debug;
		};
		4D1F52A7168B4DBF00EB0BCB /* Release */ = {
			isa = XCBuildConfiguration;
			buildSettings = {
				ALWAYS_SEARCH_USER_PATHS = NO;
				ARCHS = "$(ARCHS_STANDARD_64_BIT)";
				CLANG_CXX_LANGUAGE_STANDARD = "gnu++0x";
				CLANG_CXX_LIBRARY = "libc++";
				CLANG_ENABLE_OBJC_ARC = YES;
				CLANG_WARN_EMPTY_BODY = YES;
				CLANG_WARN__DUPLICATE_METHOD_MATCH = YES;
				COPY_PHASE_STRIP = YES;
				DEBUG_INFORMATION_FORMAT = "dwarf-with-dsym";
				GCC_C_LANGUAGE_STANDARD = gnu99;
				GCC_ENABLE_OBJC_EXCEPTIONS = YES;
				GCC_WARN_64_TO_32_BIT_CONVERSION = YES;
				GCC_WARN_ABOUT_RETURN_TYPE = YES;
				GCC_WARN_UNINITIALIZED_AUTOS = YES;
				GCC_WARN_UNUSED_VARIABLE = YES;
				HEADER_SEARCH_PATHS = (
					"\"/opt/X11/include\"",
					"\"/usr/local/include\"",
				);
				LIBRARY_SEARCH_PATHS = (
					"\"/opt/X11/lib\"",
					"\"/usr/local/lib\"",
				);
				MACOSX_DEPLOYMENT_TARGET = 10.8;
				OTHER_LDFLAGS = (
					"-IGLUT",
					"-framework",
					OpenGL,
					"-framework",
					GLUT,
				);
				SDKROOT = macosx;
				VALID_ARCHS = "i386 x86_64";
			};
			name = Release;
		};
		4D1F52A9168B4DBF00EB0BCB /* Debug */ = {
			isa = XCBuildConfiguration;
			buildSettings = {
				OTHER_LDFLAGS = "-lGLUT";
				PRODUCT_NAME = "$(TARGET_NAME)";
			};
			name = Debug;
		};
		4D1F52AA168B4DBF00EB0BCB /* Release */ = {
			isa = XCBuildConfiguration;
			buildSettings = {
				OTHER_LDFLAGS = "-lGLUT";
				PRODUCT_NAME = "$(TARGET_NAME)";
			};
			name = Release;
		};
/* End XCBuildConfiguration section */

/* Begin XCConfigurationList section */
		4D1F5298168B4DBF00EB0BCB /* Build configuration list for PBXProject "ParticleSystem" */ = {
			isa = XCConfigurationList;
			buildConfigurations = (
				4D1F52A6168B4DBF00EB0BCB /* Debug */,
				4D1F52A7168B4DBF00EB0BCB /* Release */,
			);
			defaultConfigurationIsVisible = 0;
			defaultConfigurationName = Release;
		};
		4D1F52A8168B4DBF00EB0BCB /* Build configuration list for PBXNativeTarget "ParticleSystem" */ = {
			isa = XCConfigurationList;
			buildConfigurations = (
				4D1F52A9168B4DBF00EB0BCB /* Debug */,
				4D1F52AA168B4DBF00EB0BCB /* Release */,
			);
			defaultConfigurationIsVisible = 0;
			defaultConfigurationName = Release;
		};
/* End XCConfigurationList section */
	};
	rootObject = 4D1F5295168B4DBF00EB0BCB /* Project object */;
}
